PODS:
  - Flutter (1.0.0)
  - simple_scanner (0.0.1):
    - Flutter

DEPENDENCIES:
  - Flutter (from `Flutter`)
  - simple_scanner (from `.symlinks/plugins/simple_scanner/ios`)

EXTERNAL SOURCES:
  Flutter:
    :path: Flutter
  simple_scanner:
    :path: ".symlinks/plugins/simple_scanner/ios"

SPEC CHECKSUMS:
  Flutter: 0e3d915762c693b495b44d77113d4970485de6ec
  simple_scanner: 514c6d6b0fc4fbe205100c6a74eec96da937b489

PODFILE CHECKSUM: aafe91acc616949ddb318b77800a7f51bffa2a4c

COCOAPODS: 1.9.1
